// !$*UTF8*$!
{
	archiveVersion = 1;
	classes = {
	};
	objectVersion = 56;
	objects = {

/* Begin PBXBuildFile section */
		100CE7D70E023ECE1B2B37B3 /* Pods_PicCollageTakeHomeQuiz.framework in Frameworks */ = {isa = PBXBuildFile; fileRef = 5B6F8502FCFCEBEEB48C3981 /* Pods_PicCollageTakeHomeQuiz.framework */; };
		9E74D9EAB02469BA638E6EAC /* Pods_PicCollageTakeHomeQuiz_PicCollageTakeHomeQuizUITests.framework in Frameworks */ = {isa = PBXBuildFile; fileRef = 2E17BF1088E02C8668FBDB0E /* Pods_PicCollageTakeHomeQuiz_PicCollageTakeHomeQuizUITests.framework */; };
		E305813F2A29AACA00C61B99 /* SegmentationControl.swift in Sources */ = {isa = PBXBuildFile; fileRef = E305813E2A29AACA00C61B99 /* SegmentationControl.swift */; };
		E30581412A29AE1300C61B99 /* FontCollectionView.swift in Sources */ = {isa = PBXBuildFile; fileRef = E30581402A29AE1300C61B99 /* FontCollectionView.swift */; };
		E30581432A29B16D00C61B99 /* SolidLineView.swift in Sources */ = {isa = PBXBuildFile; fileRef = E30581422A29B16D00C61B99 /* SolidLineView.swift */; };
		E305814E2A29CE1E00C61B99 /* FontItem.swift in Sources */ = {isa = PBXBuildFile; fileRef = E305814D2A29CE1E00C61B99 /* FontItem.swift */; };
		E360338D2A30D45900676589 /* FontStorage.swift in Sources */ = {isa = PBXBuildFile; fileRef = E360338C2A30D45900676589 /* FontStorage.swift */; };
		E3891DD02A3048E200EA74EC /* FontSelectorViewModelTests.swift in Sources */ = {isa = PBXBuildFile; fileRef = E3891DCF2A3048E200EA74EC /* FontSelectorViewModelTests.swift */; };
		E3891DD32A304E9900EA74EC /* FontManager+Mock.swift in Sources */ = {isa = PBXBuildFile; fileRef = E3891DD22A304E9900EA74EC /* FontManager+Mock.swift */; };
		E3891DD52A304ED400EA74EC /* FontItem+Mock.swift in Sources */ = {isa = PBXBuildFile; fileRef = E3891DD42A304ED400EA74EC /* FontItem+Mock.swift */; };
		E3891DD72A30507300EA74EC /* FontSelectorViewMode+Mock.swift in Sources */ = {isa = PBXBuildFile; fileRef = E3891DD62A30507300EA74EC /* FontSelectorViewMode+Mock.swift */; };
		E3B56AAE2A2E35DF0044E5A9 /* FontResponse.swift in Sources */ = {isa = PBXBuildFile; fileRef = E3B56AAD2A2E35DF0044E5A9 /* FontResponse.swift */; };
		E3B56AB22A2E42230044E5A9 /* FontLoader.swift in Sources */ = {isa = PBXBuildFile; fileRef = E3B56AB12A2E42230044E5A9 /* FontLoader.swift */; };
		E3B56AB62A2F2AA00044E5A9 /* FontCategory.swift in Sources */ = {isa = PBXBuildFile; fileRef = E3B56AB52A2F2AA00044E5A9 /* FontCategory.swift */; };
		E3D1EFD82A2F7EDA00C082EF /* ViewController.swift in Sources */ = {isa = PBXBuildFile; fileRef = E3D1EFD72A2F7EDA00C082EF /* ViewController.swift */; };
		E3D1EFDA2A2F882B00C082EF /* TextView.swift in Sources */ = {isa = PBXBuildFile; fileRef = E3D1EFD92A2F882B00C082EF /* TextView.swift */; };
		E3D1EFDC2A2F8A9A00C082EF /* FontButton.swift in Sources */ = {isa = PBXBuildFile; fileRef = E3D1EFDB2A2F8A9A00C082EF /* FontButton.swift */; };
		E3D1EFDE2A2F9B4E00C082EF /* FontState.swift in Sources */ = {isa = PBXBuildFile; fileRef = E3D1EFDD2A2F9B4E00C082EF /* FontState.swift */; };
		E3D1EFE22A2F9E1200C082EF /* FontModel.swift in Sources */ = {isa = PBXBuildFile; fileRef = E3D1EFE12A2F9E1200C082EF /* FontModel.swift */; };
		E3FF25672A284F95006F6CD0 /* AppDelegate.swift in Sources */ = {isa = PBXBuildFile; fileRef = E3FF25662A284F95006F6CD0 /* AppDelegate.swift */; };
		E3FF256B2A284F95006F6CD0 /* FontSelectorViewController.swift in Sources */ = {isa = PBXBuildFile; fileRef = E3FF256A2A284F95006F6CD0 /* FontSelectorViewController.swift */; };
		E3FF25702A284F96006F6CD0 /* Assets.xcassets in Resources */ = {isa = PBXBuildFile; fileRef = E3FF256F2A284F96006F6CD0 /* Assets.xcassets */; };
		E3FF25732A284F96006F6CD0 /* LaunchScreen.storyboard in Resources */ = {isa = PBXBuildFile; fileRef = E3FF25712A284F96006F6CD0 /* LaunchScreen.storyboard */; };
		E3FF257E2A284F96006F6CD0 /* PicCollageTakeHomeQuizTests.swift in Sources */ = {isa = PBXBuildFile; fileRef = E3FF257D2A284F96006F6CD0 /* PicCollageTakeHomeQuizTests.swift */; };
		E3FF25882A284F96006F6CD0 /* PicCollageTakeHomeQuizUITests.swift in Sources */ = {isa = PBXBuildFile; fileRef = E3FF25872A284F96006F6CD0 /* PicCollageTakeHomeQuizUITests.swift */; };
		E3FF258A2A284F96006F6CD0 /* PicCollageTakeHomeQuizUITestsLaunchTests.swift in Sources */ = {isa = PBXBuildFile; fileRef = E3FF25892A284F96006F6CD0 /* PicCollageTakeHomeQuizUITestsLaunchTests.swift */; };
		E3FF25972A28528F006F6CD0 /* FontManager.swift in Sources */ = {isa = PBXBuildFile; fileRef = E3FF25962A28528F006F6CD0 /* FontManager.swift */; };
		E3FF25992A29A4E5006F6CD0 /* FontSelectorViewModel.swift in Sources */ = {isa = PBXBuildFile; fileRef = E3FF25982A29A4E5006F6CD0 /* FontSelectorViewModel.swift */; };
		EE21C282A5ABCA78B4CC7D19 /* Pods_PicCollageTakeHomeQuizTests.framework in Frameworks */ = {isa = PBXBuildFile; fileRef = 4212AFDFB01C1C0074CA6AD4 /* Pods_PicCollageTakeHomeQuizTests.framework */; };
/* End PBXBuildFile section */

/* Begin PBXContainerItemProxy section */
		E3FF257A2A284F96006F6CD0 /* PBXContainerItemProxy */ = {
			isa = PBXContainerItemProxy;
			containerPortal = E3FF255B2A284F95006F6CD0 /* Project object */;
			proxyType = 1;
			remoteGlobalIDString = E3FF25622A284F95006F6CD0;
			remoteInfo = PicCollageTakeHomeQuiz;
		};
		E3FF25842A284F96006F6CD0 /* PBXContainerItemProxy */ = {
			isa = PBXContainerItemProxy;
			containerPortal = E3FF255B2A284F95006F6CD0 /* Project object */;
			proxyType = 1;
			remoteGlobalIDString = E3FF25622A284F95006F6CD0;
			remoteInfo = PicCollageTakeHomeQuiz;
		};
/* End PBXContainerItemProxy section */

/* Begin PBXFileReference section */
		11C26E897BE114D43C1F983D /* Pods-PicCollageTakeHomeQuizTests.release.xcconfig */ = {isa = PBXFileReference; includeInIndex = 1; lastKnownFileType = text.xcconfig; name = "Pods-PicCollageTakeHomeQuizTests.release.xcconfig"; path = "Target Support Files/Pods-PicCollageTakeHomeQuizTests/Pods-PicCollageTakeHomeQuizTests.release.xcconfig"; sourceTree = "<group>"; };
		2E17BF1088E02C8668FBDB0E /* Pods_PicCollageTakeHomeQuiz_PicCollageTakeHomeQuizUITests.framework */ = {isa = PBXFileReference; explicitFileType = wrapper.framework; includeInIndex = 0; path = Pods_PicCollageTakeHomeQuiz_PicCollageTakeHomeQuizUITests.framework; sourceTree = BUILT_PRODUCTS_DIR; };
		4212AFDFB01C1C0074CA6AD4 /* Pods_PicCollageTakeHomeQuizTests.framework */ = {isa = PBXFileReference; explicitFileType = wrapper.framework; includeInIndex = 0; path = Pods_PicCollageTakeHomeQuizTests.framework; sourceTree = BUILT_PRODUCTS_DIR; };
		5B6F8502FCFCEBEEB48C3981 /* Pods_PicCollageTakeHomeQuiz.framework */ = {isa = PBXFileReference; explicitFileType = wrapper.framework; includeInIndex = 0; path = Pods_PicCollageTakeHomeQuiz.framework; sourceTree = BUILT_PRODUCTS_DIR; };
		71856560071657889D53C092 /* Pods-PicCollageTakeHomeQuiz.debug.xcconfig */ = {isa = PBXFileReference; includeInIndex = 1; lastKnownFileType = text.xcconfig; name = "Pods-PicCollageTakeHomeQuiz.debug.xcconfig"; path = "Target Support Files/Pods-PicCollageTakeHomeQuiz/Pods-PicCollageTakeHomeQuiz.debug.xcconfig"; sourceTree = "<group>"; };
		9784BEC299FE5F39FF91AAA1 /* Pods-PicCollageTakeHomeQuiz-PicCollageTakeHomeQuizUITests.debug.xcconfig */ = {isa = PBXFileReference; includeInIndex = 1; lastKnownFileType = text.xcconfig; name = "Pods-PicCollageTakeHomeQuiz-PicCollageTakeHomeQuizUITests.debug.xcconfig"; path = "Target Support Files/Pods-PicCollageTakeHomeQuiz-PicCollageTakeHomeQuizUITests/Pods-PicCollageTakeHomeQuiz-PicCollageTakeHomeQuizUITests.debug.xcconfig"; sourceTree = "<group>"; };
		E305813E2A29AACA00C61B99 /* SegmentationControl.swift */ = {isa = PBXFileReference; lastKnownFileType = sourcecode.swift; path = SegmentationControl.swift; sourceTree = "<group>"; };
		E30581402A29AE1300C61B99 /* FontCollectionView.swift */ = {isa = PBXFileReference; lastKnownFileType = sourcecode.swift; path = FontCollectionView.swift; sourceTree = "<group>"; };
		E30581422A29B16D00C61B99 /* SolidLineView.swift */ = {isa = PBXFileReference; lastKnownFileType = sourcecode.swift; path = SolidLineView.swift; sourceTree = "<group>"; };
		E305814D2A29CE1E00C61B99 /* FontItem.swift */ = {isa = PBXFileReference; lastKnownFileType = sourcecode.swift; path = FontItem.swift; sourceTree = "<group>"; };
		E360338C2A30D45900676589 /* FontStorage.swift */ = {isa = PBXFileReference; lastKnownFileType = sourcecode.swift; path = FontStorage.swift; sourceTree = "<group>"; };
		E3891DCF2A3048E200EA74EC /* FontSelectorViewModelTests.swift */ = {isa = PBXFileReference; lastKnownFileType = sourcecode.swift; path = FontSelectorViewModelTests.swift; sourceTree = "<group>"; };
		E3891DD22A304E9900EA74EC /* FontManager+Mock.swift */ = {isa = PBXFileReference; lastKnownFileType = sourcecode.swift; path = "FontManager+Mock.swift"; sourceTree = "<group>"; };
		E3891DD42A304ED400EA74EC /* FontItem+Mock.swift */ = {isa = PBXFileReference; lastKnownFileType = sourcecode.swift; path = "FontItem+Mock.swift"; sourceTree = "<group>"; };
		E3891DD62A30507300EA74EC /* FontSelectorViewMode+Mock.swift */ = {isa = PBXFileReference; lastKnownFileType = sourcecode.swift; path = "FontSelectorViewMode+Mock.swift"; sourceTree = "<group>"; };
		E3B56AAD2A2E35DF0044E5A9 /* FontResponse.swift */ = {isa = PBXFileReference; lastKnownFileType = sourcecode.swift; path = FontResponse.swift; sourceTree = "<group>"; };
		E3B56AB12A2E42230044E5A9 /* FontLoader.swift */ = {isa = PBXFileReference; lastKnownFileType = sourcecode.swift; path = FontLoader.swift; sourceTree = "<group>"; };
		E3B56AB52A2F2AA00044E5A9 /* FontCategory.swift */ = {isa = PBXFileReference; lastKnownFileType = sourcecode.swift; path = FontCategory.swift; sourceTree = "<group>"; };
		E3D1EFD72A2F7EDA00C082EF /* ViewController.swift */ = {isa = PBXFileReference; lastKnownFileType = sourcecode.swift; path = ViewController.swift; sourceTree = "<group>"; };
		E3D1EFD92A2F882B00C082EF /* TextView.swift */ = {isa = PBXFileReference; lastKnownFileType = sourcecode.swift; path = TextView.swift; sourceTree = "<group>"; };
		E3D1EFDB2A2F8A9A00C082EF /* FontButton.swift */ = {isa = PBXFileReference; lastKnownFileType = sourcecode.swift; path = FontButton.swift; sourceTree = "<group>"; };
		E3D1EFDD2A2F9B4E00C082EF /* FontState.swift */ = {isa = PBXFileReference; lastKnownFileType = sourcecode.swift; path = FontState.swift; sourceTree = "<group>"; };
		E3D1EFE12A2F9E1200C082EF /* FontModel.swift */ = {isa = PBXFileReference; fileEncoding = 4; lastKnownFileType = sourcecode.swift; path = FontModel.swift; sourceTree = "<group>"; };
		E3FF25632A284F95006F6CD0 /* PicCollageTakeHomeQuiz.app */ = {isa = PBXFileReference; explicitFileType = wrapper.application; includeInIndex = 0; path = PicCollageTakeHomeQuiz.app; sourceTree = BUILT_PRODUCTS_DIR; };
		E3FF25662A284F95006F6CD0 /* AppDelegate.swift */ = {isa = PBXFileReference; lastKnownFileType = sourcecode.swift; path = AppDelegate.swift; sourceTree = "<group>"; };
		E3FF256A2A284F95006F6CD0 /* FontSelectorViewController.swift */ = {isa = PBXFileReference; lastKnownFileType = sourcecode.swift; path = FontSelectorViewController.swift; sourceTree = "<group>"; };
		E3FF256F2A284F96006F6CD0 /* Assets.xcassets */ = {isa = PBXFileReference; lastKnownFileType = folder.assetcatalog; path = Assets.xcassets; sourceTree = "<group>"; };
		E3FF25722A284F96006F6CD0 /* Base */ = {isa = PBXFileReference; lastKnownFileType = file.storyboard; name = Base; path = Base.lproj/LaunchScreen.storyboard; sourceTree = "<group>"; };
		E3FF25742A284F96006F6CD0 /* Info.plist */ = {isa = PBXFileReference; lastKnownFileType = text.plist.xml; path = Info.plist; sourceTree = "<group>"; };
		E3FF25792A284F96006F6CD0 /* PicCollageTakeHomeQuizTests.xctest */ = {isa = PBXFileReference; explicitFileType = wrapper.cfbundle; includeInIndex = 0; path = PicCollageTakeHomeQuizTests.xctest; sourceTree = BUILT_PRODUCTS_DIR; };
		E3FF257D2A284F96006F6CD0 /* PicCollageTakeHomeQuizTests.swift */ = {isa = PBXFileReference; lastKnownFileType = sourcecode.swift; path = PicCollageTakeHomeQuizTests.swift; sourceTree = "<group>"; };
		E3FF25832A284F96006F6CD0 /* PicCollageTakeHomeQuizUITests.xctest */ = {isa = PBXFileReference; explicitFileType = wrapper.cfbundle; includeInIndex = 0; path = PicCollageTakeHomeQuizUITests.xctest; sourceTree = BUILT_PRODUCTS_DIR; };
		E3FF25872A284F96006F6CD0 /* PicCollageTakeHomeQuizUITests.swift */ = {isa = PBXFileReference; lastKnownFileType = sourcecode.swift; path = PicCollageTakeHomeQuizUITests.swift; sourceTree = "<group>"; };
		E3FF25892A284F96006F6CD0 /* PicCollageTakeHomeQuizUITestsLaunchTests.swift */ = {isa = PBXFileReference; lastKnownFileType = sourcecode.swift; path = PicCollageTakeHomeQuizUITestsLaunchTests.swift; sourceTree = "<group>"; };
		E3FF25962A28528F006F6CD0 /* FontManager.swift */ = {isa = PBXFileReference; lastKnownFileType = sourcecode.swift; path = FontManager.swift; sourceTree = "<group>"; };
		E3FF25982A29A4E5006F6CD0 /* FontSelectorViewModel.swift */ = {isa = PBXFileReference; lastKnownFileType = sourcecode.swift; path = FontSelectorViewModel.swift; sourceTree = "<group>"; };
		E61040FF4BB91CC7E982F24B /* Pods-PicCollageTakeHomeQuizTests.debug.xcconfig */ = {isa = PBXFileReference; includeInIndex = 1; lastKnownFileType = text.xcconfig; name = "Pods-PicCollageTakeHomeQuizTests.debug.xcconfig"; path = "Target Support Files/Pods-PicCollageTakeHomeQuizTests/Pods-PicCollageTakeHomeQuizTests.debug.xcconfig"; sourceTree = "<group>"; };
		F110CE657F6511BBF36932EA /* Pods-PicCollageTakeHomeQuiz-PicCollageTakeHomeQuizUITests.release.xcconfig */ = {isa = PBXFileReference; includeInIndex = 1; lastKnownFileType = text.xcconfig; name = "Pods-PicCollageTakeHomeQuiz-PicCollageTakeHomeQuizUITests.release.xcconfig"; path = "Target Support Files/Pods-PicCollageTakeHomeQuiz-PicCollageTakeHomeQuizUITests/Pods-PicCollageTakeHomeQuiz-PicCollageTakeHomeQuizUITests.release.xcconfig"; sourceTree = "<group>"; };
		F9C3427747B0300F620F9A1D /* Pods-PicCollageTakeHomeQuiz.release.xcconfig */ = {isa = PBXFileReference; includeInIndex = 1; lastKnownFileType = text.xcconfig; name = "Pods-PicCollageTakeHomeQuiz.release.xcconfig"; path = "Target Support Files/Pods-PicCollageTakeHomeQuiz/Pods-PicCollageTakeHomeQuiz.release.xcconfig"; sourceTree = "<group>"; };
/* End PBXFileReference section */

/* Begin PBXFrameworksBuildPhase section */
		E3FF25602A284F95006F6CD0 /* Frameworks */ = {
			isa = PBXFrameworksBuildPhase;
			buildActionMask = 2147483647;
			files = (
				100CE7D70E023ECE1B2B37B3 /* Pods_PicCollageTakeHomeQuiz.framework in Frameworks */,
			);
			runOnlyForDeploymentPostprocessing = 0;
		};
		E3FF25762A284F96006F6CD0 /* Frameworks */ = {
			isa = PBXFrameworksBuildPhase;
			buildActionMask = 2147483647;
			files = (
				EE21C282A5ABCA78B4CC7D19 /* Pods_PicCollageTakeHomeQuizTests.framework in Frameworks */,
			);
			runOnlyForDeploymentPostprocessing = 0;
		};
		E3FF25802A284F96006F6CD0 /* Frameworks */ = {
			isa = PBXFrameworksBuildPhase;
			buildActionMask = 2147483647;
			files = (
				9E74D9EAB02469BA638E6EAC /* Pods_PicCollageTakeHomeQuiz_PicCollageTakeHomeQuizUITests.framework in Frameworks */,
			);
			runOnlyForDeploymentPostprocessing = 0;
		};
/* End PBXFrameworksBuildPhase section */

/* Begin PBXGroup section */
		02FCF2A4A14FAF3B284CFA34 /* Frameworks */ = {
			isa = PBXGroup;
			children = (
				5B6F8502FCFCEBEEB48C3981 /* Pods_PicCollageTakeHomeQuiz.framework */,
				2E17BF1088E02C8668FBDB0E /* Pods_PicCollageTakeHomeQuiz_PicCollageTakeHomeQuizUITests.framework */,
				4212AFDFB01C1C0074CA6AD4 /* Pods_PicCollageTakeHomeQuizTests.framework */,
			);
			name = Frameworks;
			sourceTree = "<group>";
		};
		8EB945FE5A638A37652F9F54 /* Pods */ = {
			isa = PBXGroup;
			children = (
				71856560071657889D53C092 /* Pods-PicCollageTakeHomeQuiz.debug.xcconfig */,
				F9C3427747B0300F620F9A1D /* Pods-PicCollageTakeHomeQuiz.release.xcconfig */,
				9784BEC299FE5F39FF91AAA1 /* Pods-PicCollageTakeHomeQuiz-PicCollageTakeHomeQuizUITests.debug.xcconfig */,
				F110CE657F6511BBF36932EA /* Pods-PicCollageTakeHomeQuiz-PicCollageTakeHomeQuizUITests.release.xcconfig */,
				E61040FF4BB91CC7E982F24B /* Pods-PicCollageTakeHomeQuizTests.debug.xcconfig */,
				11C26E897BE114D43C1F983D /* Pods-PicCollageTakeHomeQuizTests.release.xcconfig */,
			);
			path = Pods;
			sourceTree = "<group>";
		};
		E305813D2A29AA9F00C61B99 /* Views */ = {
			isa = PBXGroup;
			children = (
				E305813E2A29AACA00C61B99 /* SegmentationControl.swift */,
				E30581402A29AE1300C61B99 /* FontCollectionView.swift */,
				E30581422A29B16D00C61B99 /* SolidLineView.swift */,
				E3D1EFD92A2F882B00C082EF /* TextView.swift */,
				E3D1EFDB2A2F8A9A00C082EF /* FontButton.swift */,
			);
			path = Views;
			sourceTree = "<group>";
		};
		E30581472A29CA2200C61B99 /* Models */ = {
			isa = PBXGroup;
			children = (
				E3B56AB52A2F2AA00044E5A9 /* FontCategory.swift */,
				E3D1EFE12A2F9E1200C082EF /* FontModel.swift */,
				E3D1EFDD2A2F9B4E00C082EF /* FontState.swift */,
				E305814D2A29CE1E00C61B99 /* FontItem.swift */,
				E3B56AAD2A2E35DF0044E5A9 /* FontResponse.swift */,
			);
			path = Models;
			sourceTree = "<group>";
		};
		E30581482A29CA2B00C61B99 /* Services */ = {
			isa = PBXGroup;
			children = (
				E3FF25962A28528F006F6CD0 /* FontManager.swift */,
				E360338C2A30D45900676589 /* FontStorage.swift */,
				E3B56AB12A2E42230044E5A9 /* FontLoader.swift */,
			);
			path = Services;
			sourceTree = "<group>";
		};
		E3891DD12A304E8600EA74EC /* Mocks */ = {
			isa = PBXGroup;
			children = (
				E3891DD42A304ED400EA74EC /* FontItem+Mock.swift */,
				E3891DD22A304E9900EA74EC /* FontManager+Mock.swift */,
				E3891DD62A30507300EA74EC /* FontSelectorViewMode+Mock.swift */,
			);
			path = Mocks;
			sourceTree = "<group>";
		};
		E3B56AB42A2F0CC60044E5A9 /* ViewModels */ = {
			isa = PBXGroup;
			children = (
				E3FF25982A29A4E5006F6CD0 /* FontSelectorViewModel.swift */,
			);
			path = ViewModels;
			sourceTree = "<group>";
		};
		E3FF255A2A284F95006F6CD0 = {
			isa = PBXGroup;
			children = (
				E3FF25652A284F95006F6CD0 /* PicCollageTakeHomeQuiz */,
				E3FF257C2A284F96006F6CD0 /* PicCollageTakeHomeQuizTests */,
				E3FF25862A284F96006F6CD0 /* PicCollageTakeHomeQuizUITests */,
				E3FF25642A284F95006F6CD0 /* Products */,
				8EB945FE5A638A37652F9F54 /* Pods */,
				02FCF2A4A14FAF3B284CFA34 /* Frameworks */,
			);
			sourceTree = "<group>";
		};
		E3FF25642A284F95006F6CD0 /* Products */ = {
			isa = PBXGroup;
			children = (
				E3FF25632A284F95006F6CD0 /* PicCollageTakeHomeQuiz.app */,
				E3FF25792A284F96006F6CD0 /* PicCollageTakeHomeQuizTests.xctest */,
				E3FF25832A284F96006F6CD0 /* PicCollageTakeHomeQuizUITests.xctest */,
			);
			name = Products;
			sourceTree = "<group>";
		};
		E3FF25652A284F95006F6CD0 /* PicCollageTakeHomeQuiz */ = {
			isa = PBXGroup;
			children = (
				E3FF25662A284F95006F6CD0 /* AppDelegate.swift */,
				E3D1EFD72A2F7EDA00C082EF /* ViewController.swift */,
				E3FF256A2A284F95006F6CD0 /* FontSelectorViewController.swift */,
				E30581472A29CA2200C61B99 /* Models */,
				E30581482A29CA2B00C61B99 /* Services */,
				E305813D2A29AA9F00C61B99 /* Views */,
				E3B56AB42A2F0CC60044E5A9 /* ViewModels */,
				E3FF256F2A284F96006F6CD0 /* Assets.xcassets */,
				E3FF25712A284F96006F6CD0 /* LaunchScreen.storyboard */,
				E3FF25742A284F96006F6CD0 /* Info.plist */,
			);
			path = PicCollageTakeHomeQuiz;
			sourceTree = "<group>";
		};
		E3FF257C2A284F96006F6CD0 /* PicCollageTakeHomeQuizTests */ = {
			isa = PBXGroup;
			children = (
				E3FF257D2A284F96006F6CD0 /* PicCollageTakeHomeQuizTests.swift */,
				E3891DCF2A3048E200EA74EC /* FontSelectorViewModelTests.swift */,
				E3891DD12A304E8600EA74EC /* Mocks */,
			);
			path = PicCollageTakeHomeQuizTests;
			sourceTree = "<group>";
		};
		E3FF25862A284F96006F6CD0 /* PicCollageTakeHomeQuizUITests */ = {
			isa = PBXGroup;
			children = (
				E3FF25872A284F96006F6CD0 /* PicCollageTakeHomeQuizUITests.swift */,
				E3FF25892A284F96006F6CD0 /* PicCollageTakeHomeQuizUITestsLaunchTests.swift */,
			);
			path = PicCollageTakeHomeQuizUITests;
			sourceTree = "<group>";
		};
/* End PBXGroup section */

/* Begin PBXNativeTarget section */
		E3FF25622A284F95006F6CD0 /* PicCollageTakeHomeQuiz */ = {
			isa = PBXNativeTarget;
			buildConfigurationList = E3FF258D2A284F96006F6CD0 /* Build configuration list for PBXNativeTarget "PicCollageTakeHomeQuiz" */;
			buildPhases = (
				BDBD9AA025A0AEDB5800C668 /* [CP] Check Pods Manifest.lock */,
				E3FF255F2A284F95006F6CD0 /* Sources */,
				E3FF25602A284F95006F6CD0 /* Frameworks */,
				E3FF25612A284F95006F6CD0 /* Resources */,
				43A028C779C7E7A58D0DAC68 /* [CP] Embed Pods Frameworks */,
			);
			buildRules = (
			);
			dependencies = (
			);
			name = PicCollageTakeHomeQuiz;
			productName = PicCollageTakeHomeQuiz;
			productReference = E3FF25632A284F95006F6CD0 /* PicCollageTakeHomeQuiz.app */;
			productType = "com.apple.product-type.application";
		};
		E3FF25782A284F96006F6CD0 /* PicCollageTakeHomeQuizTests */ = {
			isa = PBXNativeTarget;
			buildConfigurationList = E3FF25902A284F96006F6CD0 /* Build configuration list for PBXNativeTarget "PicCollageTakeHomeQuizTests" */;
			buildPhases = (
				29DCCFC4FE73542F706515E8 /* [CP] Check Pods Manifest.lock */,
				E3FF25752A284F96006F6CD0 /* Sources */,
				E3FF25762A284F96006F6CD0 /* Frameworks */,
				E3FF25772A284F96006F6CD0 /* Resources */,
				C10435AE2D1031C1336D7704 /* [CP] Embed Pods Frameworks */,
			);
			buildRules = (
			);
			dependencies = (
				E3FF257B2A284F96006F6CD0 /* PBXTargetDependency */,
			);
			name = PicCollageTakeHomeQuizTests;
			productName = PicCollageTakeHomeQuizTests;
			productReference = E3FF25792A284F96006F6CD0 /* PicCollageTakeHomeQuizTests.xctest */;
			productType = "com.apple.product-type.bundle.unit-test";
		};
		E3FF25822A284F96006F6CD0 /* PicCollageTakeHomeQuizUITests */ = {
			isa = PBXNativeTarget;
			buildConfigurationList = E3FF25932A284F96006F6CD0 /* Build configuration list for PBXNativeTarget "PicCollageTakeHomeQuizUITests" */;
			buildPhases = (
				0141AC95A482549E76EB9465 /* [CP] Check Pods Manifest.lock */,
				E3FF257F2A284F96006F6CD0 /* Sources */,
				E3FF25802A284F96006F6CD0 /* Frameworks */,
				E3FF25812A284F96006F6CD0 /* Resources */,
				5FCAB70B61B5374D66E6E731 /* [CP] Embed Pods Frameworks */,
			);
			buildRules = (
			);
			dependencies = (
				E3FF25852A284F96006F6CD0 /* PBXTargetDependency */,
			);
			name = PicCollageTakeHomeQuizUITests;
			productName = PicCollageTakeHomeQuizUITests;
			productReference = E3FF25832A284F96006F6CD0 /* PicCollageTakeHomeQuizUITests.xctest */;
			productType = "com.apple.product-type.bundle.ui-testing";
		};
/* End PBXNativeTarget section */

/* Begin PBXProject section */
		E3FF255B2A284F95006F6CD0 /* Project object */ = {
			isa = PBXProject;
			attributes = {
				BuildIndependentTargetsInParallel = 1;
				LastSwiftUpdateCheck = 1430;
				LastUpgradeCheck = 1430;
				TargetAttributes = {
					E3FF25622A284F95006F6CD0 = {
						CreatedOnToolsVersion = 14.3;
					};
					E3FF25782A284F96006F6CD0 = {
						CreatedOnToolsVersion = 14.3;
						TestTargetID = E3FF25622A284F95006F6CD0;
					};
					E3FF25822A284F96006F6CD0 = {
						CreatedOnToolsVersion = 14.3;
						TestTargetID = E3FF25622A284F95006F6CD0;
					};
				};
			};
			buildConfigurationList = E3FF255E2A284F95006F6CD0 /* Build configuration list for PBXProject "PicCollageTakeHomeQuiz" */;
			compatibilityVersion = "Xcode 14.0";
			developmentRegion = en;
			hasScannedForEncodings = 0;
			knownRegions = (
				en,
				Base,
			);
			mainGroup = E3FF255A2A284F95006F6CD0;
			productRefGroup = E3FF25642A284F95006F6CD0 /* Products */;
			projectDirPath = "";
			projectRoot = "";
			targets = (
				E3FF25622A284F95006F6CD0 /* PicCollageTakeHomeQuiz */,
				E3FF25782A284F96006F6CD0 /* PicCollageTakeHomeQuizTests */,
				E3FF25822A284F96006F6CD0 /* PicCollageTakeHomeQuizUITests */,
			);
		};
/* End PBXProject section */

/* Begin PBXResourcesBuildPhase section */
		E3FF25612A284F95006F6CD0 /* Resources */ = {
			isa = PBXResourcesBuildPhase;
			buildActionMask = 2147483647;
			files = (
				E3FF25732A284F96006F6CD0 /* LaunchScreen.storyboard in Resources */,
				E3FF25702A284F96006F6CD0 /* Assets.xcassets in Resources */,
			);
			runOnlyForDeploymentPostprocessing = 0;
		};
		E3FF25772A284F96006F6CD0 /* Resources */ = {
			isa = PBXResourcesBuildPhase;
			buildActionMask = 2147483647;
			files = (
			);
			runOnlyForDeploymentPostprocessing = 0;
		};
		E3FF25812A284F96006F6CD0 /* Resources */ = {
			isa = PBXResourcesBuildPhase;
			buildActionMask = 2147483647;
			files = (
			);
			runOnlyForDeploymentPostprocessing = 0;
		};
/* End PBXResourcesBuildPhase section */

/* Begin PBXShellScriptBuildPhase section */
		0141AC95A482549E76EB9465 /* [CP] Check Pods Manifest.lock */ = {
			isa = PBXShellScriptBuildPhase;
			buildActionMask = 2147483647;
			files = (
			);
			inputFileListPaths = (
			);
			inputPaths = (
				"${PODS_PODFILE_DIR_PATH}/Podfile.lock",
				"${PODS_ROOT}/Manifest.lock",
			);
			name = "[CP] Check Pods Manifest.lock";
			outputFileListPaths = (
			);
			outputPaths = (
				"$(DERIVED_FILE_DIR)/Pods-PicCollageTakeHomeQuiz-PicCollageTakeHomeQuizUITests-checkManifestLockResult.txt",
			);
			runOnlyForDeploymentPostprocessing = 0;
			shellPath = /bin/sh;
			shellScript = "diff \"${PODS_PODFILE_DIR_PATH}/Podfile.lock\" \"${PODS_ROOT}/Manifest.lock\" > /dev/null\nif [ $? != 0 ] ; then\n    # print error to STDERR\n    echo \"error: The sandbox is not in sync with the Podfile.lock. Run 'pod install' or update your CocoaPods installation.\" >&2\n    exit 1\nfi\n# This output is used by Xcode 'outputs' to avoid re-running this script phase.\necho \"SUCCESS\" > \"${SCRIPT_OUTPUT_FILE_0}\"\n";
			showEnvVarsInLog = 0;
		};
		29DCCFC4FE73542F706515E8 /* [CP] Check Pods Manifest.lock */ = {
			isa = PBXShellScriptBuildPhase;
			buildActionMask = 2147483647;
			files = (
			);
			inputFileListPaths = (
			);
			inputPaths = (
				"${PODS_PODFILE_DIR_PATH}/Podfile.lock",
				"${PODS_ROOT}/Manifest.lock",
			);
			name = "[CP] Check Pods Manifest.lock";
			outputFileListPaths = (
			);
			outputPaths = (
				"$(DERIVED_FILE_DIR)/Pods-PicCollageTakeHomeQuizTests-checkManifestLockResult.txt",
			);
			runOnlyForDeploymentPostprocessing = 0;
			shellPath = /bin/sh;
			shellScript = "diff \"${PODS_PODFILE_DIR_PATH}/Podfile.lock\" \"${PODS_ROOT}/Manifest.lock\" > /dev/null\nif [ $? != 0 ] ; then\n    # print error to STDERR\n    echo \"error: The sandbox is not in sync with the Podfile.lock. Run 'pod install' or update your CocoaPods installation.\" >&2\n    exit 1\nfi\n# This output is used by Xcode 'outputs' to avoid re-running this script phase.\necho \"SUCCESS\" > \"${SCRIPT_OUTPUT_FILE_0}\"\n";
			showEnvVarsInLog = 0;
		};
		43A028C779C7E7A58D0DAC68 /* [CP] Embed Pods Frameworks */ = {
			isa = PBXShellScriptBuildPhase;
			buildActionMask = 2147483647;
			files = (
			);
			inputFileListPaths = (
				"${PODS_ROOT}/Target Support Files/Pods-PicCollageTakeHomeQuiz/Pods-PicCollageTakeHomeQuiz-frameworks-${CONFIGURATION}-input-files.xcfilelist",
			);
			name = "[CP] Embed Pods Frameworks";
			outputFileListPaths = (
				"${PODS_ROOT}/Target Support Files/Pods-PicCollageTakeHomeQuiz/Pods-PicCollageTakeHomeQuiz-frameworks-${CONFIGURATION}-output-files.xcfilelist",
			);
			runOnlyForDeploymentPostprocessing = 0;
			shellPath = /bin/sh;
			shellScript = "\"${PODS_ROOT}/Target Support Files/Pods-PicCollageTakeHomeQuiz/Pods-PicCollageTakeHomeQuiz-frameworks.sh\"\n";
			showEnvVarsInLog = 0;
		};
		5FCAB70B61B5374D66E6E731 /* [CP] Embed Pods Frameworks */ = {
			isa = PBXShellScriptBuildPhase;
			buildActionMask = 2147483647;
			files = (
			);
			inputFileListPaths = (
				"${PODS_ROOT}/Target Support Files/Pods-PicCollageTakeHomeQuiz-PicCollageTakeHomeQuizUITests/Pods-PicCollageTakeHomeQuiz-PicCollageTakeHomeQuizUITests-frameworks-${CONFIGURATION}-input-files.xcfilelist",
			);
			name = "[CP] Embed Pods Frameworks";
			outputFileListPaths = (
				"${PODS_ROOT}/Target Support Files/Pods-PicCollageTakeHomeQuiz-PicCollageTakeHomeQuizUITests/Pods-PicCollageTakeHomeQuiz-PicCollageTakeHomeQuizUITests-frameworks-${CONFIGURATION}-output-files.xcfilelist",
			);
			runOnlyForDeploymentPostprocessing = 0;
			shellPath = /bin/sh;
			shellScript = "\"${PODS_ROOT}/Target Support Files/Pods-PicCollageTakeHomeQuiz-PicCollageTakeHomeQuizUITests/Pods-PicCollageTakeHomeQuiz-PicCollageTakeHomeQuizUITests-frameworks.sh\"\n";
			showEnvVarsInLog = 0;
		};
		BDBD9AA025A0AEDB5800C668 /* [CP] Check Pods Manifest.lock */ = {
			isa = PBXShellScriptBuildPhase;
			buildActionMask = 2147483647;
			files = (
			);
			inputFileListPaths = (
			);
			inputPaths = (
				"${PODS_PODFILE_DIR_PATH}/Podfile.lock",
				"${PODS_ROOT}/Manifest.lock",
			);
			name = "[CP] Check Pods Manifest.lock";
			outputFileListPaths = (
			);
			outputPaths = (
				"$(DERIVED_FILE_DIR)/Pods-PicCollageTakeHomeQuiz-checkManifestLockResult.txt",
			);
			runOnlyForDeploymentPostprocessing = 0;
			shellPath = /bin/sh;
			shellScript = "diff \"${PODS_PODFILE_DIR_PATH}/Podfile.lock\" \"${PODS_ROOT}/Manifest.lock\" > /dev/null\nif [ $? != 0 ] ; then\n    # print error to STDERR\n    echo \"error: The sandbox is not in sync with the Podfile.lock. Run 'pod install' or update your CocoaPods installation.\" >&2\n    exit 1\nfi\n# This output is used by Xcode 'outputs' to avoid re-running this script phase.\necho \"SUCCESS\" > \"${SCRIPT_OUTPUT_FILE_0}\"\n";
			showEnvVarsInLog = 0;
		};
		C10435AE2D1031C1336D7704 /* [CP] Embed Pods Frameworks */ = {
			isa = PBXShellScriptBuildPhase;
			buildActionMask = 2147483647;
			files = (
			);
			inputFileListPaths = (
				"${PODS_ROOT}/Target Support Files/Pods-PicCollageTakeHomeQuizTests/Pods-PicCollageTakeHomeQuizTests-frameworks-${CONFIGURATION}-input-files.xcfilelist",
			);
			name = "[CP] Embed Pods Frameworks";
			outputFileListPaths = (
				"${PODS_ROOT}/Target Support Files/Pods-PicCollageTakeHomeQuizTests/Pods-PicCollageTakeHomeQuizTests-frameworks-${CONFIGURATION}-output-files.xcfilelist",
			);
			runOnlyForDeploymentPostprocessing = 0;
			shellPath = /bin/sh;
			shellScript = "\"${PODS_ROOT}/Target Support Files/Pods-PicCollageTakeHomeQuizTests/Pods-PicCollageTakeHomeQuizTests-frameworks.sh\"\n";
			showEnvVarsInLog = 0;
		};
/* End PBXShellScriptBuildPhase section */

/* Begin PBXSourcesBuildPhase section */
		E3FF255F2A284F95006F6CD0 /* Sources */ = {
			isa = PBXSourcesBuildPhase;
			buildActionMask = 2147483647;
			files = (
				E3FF256B2A284F95006F6CD0 /* FontSelectorViewController.swift in Sources */,
				E3D1EFDE2A2F9B4E00C082EF /* FontState.swift in Sources */,
				E30581412A29AE1300C61B99 /* FontCollectionView.swift in Sources */,
				E360338D2A30D45900676589 /* FontStorage.swift in Sources */,
				E3D1EFE22A2F9E1200C082EF /* FontModel.swift in Sources */,
				E3D1EFDA2A2F882B00C082EF /* TextView.swift in Sources */,
				E3B56AB22A2E42230044E5A9 /* FontLoader.swift in Sources */,
				E3D1EFDC2A2F8A9A00C082EF /* FontButton.swift in Sources */,
				E30581432A29B16D00C61B99 /* SolidLineView.swift in Sources */,
				E305813F2A29AACA00C61B99 /* SegmentationControl.swift in Sources */,
				E3FF25992A29A4E5006F6CD0 /* FontSelectorViewModel.swift in Sources */,
				E3B56AB62A2F2AA00044E5A9 /* FontCategory.swift in Sources */,
				E3D1EFD82A2F7EDA00C082EF /* ViewController.swift in Sources */,
				E3FF25972A28528F006F6CD0 /* FontManager.swift in Sources */,
				E3FF25672A284F95006F6CD0 /* AppDelegate.swift in Sources */,
				E305814E2A29CE1E00C61B99 /* FontItem.swift in Sources */,
				E3B56AAE2A2E35DF0044E5A9 /* FontResponse.swift in Sources */,
			);
			runOnlyForDeploymentPostprocessing = 0;
		};
		E3FF25752A284F96006F6CD0 /* Sources */ = {
			isa = PBXSourcesBuildPhase;
			buildActionMask = 2147483647;
			files = (
				E3891DD02A3048E200EA74EC /* FontSelectorViewModelTests.swift in Sources */,
				E3891DD72A30507300EA74EC /* FontSelectorViewMode+Mock.swift in Sources */,
				E3891DD52A304ED400EA74EC /* FontItem+Mock.swift in Sources */,
				E3891DD32A304E9900EA74EC /* FontManager+Mock.swift in Sources */,
				E3FF257E2A284F96006F6CD0 /* PicCollageTakeHomeQuizTests.swift in Sources */,
			);
			runOnlyForDeploymentPostprocessing = 0;
		};
		E3FF257F2A284F96006F6CD0 /* Sources */ = {
			isa = PBXSourcesBuildPhase;
			buildActionMask = 2147483647;
			files = (
				E3FF258A2A284F96006F6CD0 /* PicCollageTakeHomeQuizUITestsLaunchTests.swift in Sources */,
				E3FF25882A284F96006F6CD0 /* PicCollageTakeHomeQuizUITests.swift in Sources */,
			);
			runOnlyForDeploymentPostprocessing = 0;
		};
/* End PBXSourcesBuildPhase section */

/* Begin PBXTargetDependency section */
		E3FF257B2A284F96006F6CD0 /* PBXTargetDependency */ = {
			isa = PBXTargetDependency;
			target = E3FF25622A284F95006F6CD0 /* PicCollageTakeHomeQuiz */;
			targetProxy = E3FF257A2A284F96006F6CD0 /* PBXContainerItemProxy */;
		};
		E3FF25852A284F96006F6CD0 /* PBXTargetDependency */ = {
			isa = PBXTargetDependency;
			target = E3FF25622A284F95006F6CD0 /* PicCollageTakeHomeQuiz */;
			targetProxy = E3FF25842A284F96006F6CD0 /* PBXContainerItemProxy */;
		};
/* End PBXTargetDependency section */

/* Begin PBXVariantGroup section */
		E3FF25712A284F96006F6CD0 /* LaunchScreen.storyboard */ = {
			isa = PBXVariantGroup;
			children = (
				E3FF25722A284F96006F6CD0 /* Base */,
			);
			name = LaunchScreen.storyboard;
			sourceTree = "<group>";
		};
/* End PBXVariantGroup section */

/* Begin XCBuildConfiguration section */
		E3FF258B2A284F96006F6CD0 /* Debug */ = {
			isa = XCBuildConfiguration;
			buildSettings = {
				ALWAYS_SEARCH_USER_PATHS = NO;
				CLANG_ANALYZER_NONNULL = YES;
				CLANG_ANALYZER_NUMBER_OBJECT_CONVERSION = YES_AGGRESSIVE;
				CLANG_CXX_LANGUAGE_STANDARD = "gnu++20";
				CLANG_ENABLE_MODULES = YES;
				CLANG_ENABLE_OBJC_ARC = YES;
				CLANG_ENABLE_OBJC_WEAK = YES;
				CLANG_WARN_BLOCK_CAPTURE_AUTORELEASING = YES;
				CLANG_WARN_BOOL_CONVERSION = YES;
				CLANG_WARN_COMMA = YES;
				CLANG_WARN_CONSTANT_CONVERSION = YES;
				CLANG_WARN_DEPRECATED_OBJC_IMPLEMENTATIONS = YES;
				CLANG_WARN_DIRECT_OBJC_ISA_USAGE = YES_ERROR;
				CLANG_WARN_DOCUMENTATION_COMMENTS = YES;
				CLANG_WARN_EMPTY_BODY = YES;
				CLANG_WARN_ENUM_CONVERSION = YES;
				CLANG_WARN_INFINITE_RECURSION = YES;
				CLANG_WARN_INT_CONVERSION = YES;
				CLANG_WARN_NON_LITERAL_NULL_CONVERSION = YES;
				CLANG_WARN_OBJC_IMPLICIT_RETAIN_SELF = YES;
				CLANG_WARN_OBJC_LITERAL_CONVERSION = YES;
				CLANG_WARN_OBJC_ROOT_CLASS = YES_ERROR;
				CLANG_WARN_QUOTED_INCLUDE_IN_FRAMEWORK_HEADER = YES;
				CLANG_WARN_RANGE_LOOP_ANALYSIS = YES;
				CLANG_WARN_STRICT_PROTOTYPES = YES;
				CLANG_WARN_SUSPICIOUS_MOVE = YES;
				CLANG_WARN_UNGUARDED_AVAILABILITY = YES_AGGRESSIVE;
				CLANG_WARN_UNREACHABLE_CODE = YES;
				CLANG_WARN__DUPLICATE_METHOD_MATCH = YES;
				COPY_PHASE_STRIP = NO;
				DEBUG_INFORMATION_FORMAT = dwarf;
				ENABLE_STRICT_OBJC_MSGSEND = YES;
				ENABLE_TESTABILITY = YES;
				GCC_C_LANGUAGE_STANDARD = gnu11;
				GCC_DYNAMIC_NO_PIC = NO;
				GCC_NO_COMMON_BLOCKS = YES;
				GCC_OPTIMIZATION_LEVEL = 0;
				GCC_PREPROCESSOR_DEFINITIONS = (
					"DEBUG=1",
					"$(inherited)",
				);
				GCC_WARN_64_TO_32_BIT_CONVERSION = YES;
				GCC_WARN_ABOUT_RETURN_TYPE = YES_ERROR;
				GCC_WARN_UNDECLARED_SELECTOR = YES;
				GCC_WARN_UNINITIALIZED_AUTOS = YES_AGGRESSIVE;
				GCC_WARN_UNUSED_FUNCTION = YES;
				GCC_WARN_UNUSED_VARIABLE = YES;
				IPHONEOS_DEPLOYMENT_TARGET = 16.4;
				MTL_ENABLE_DEBUG_INFO = INCLUDE_SOURCE;
				MTL_FAST_MATH = YES;
				ONLY_ACTIVE_ARCH = YES;
				SDKROOT = iphoneos;
				SWIFT_ACTIVE_COMPILATION_CONDITIONS = DEBUG;
				SWIFT_OPTIMIZATION_LEVEL = "-Onone";
			};
			name = Debug;
		};
		E3FF258C2A284F96006F6CD0 /* Release */ = {
			isa = XCBuildConfiguration;
			buildSettings = {
				ALWAYS_SEARCH_USER_PATHS = NO;
				CLANG_ANALYZER_NONNULL = YES;
				CLANG_ANALYZER_NUMBER_OBJECT_CONVERSION = YES_AGGRESSIVE;
				CLANG_CXX_LANGUAGE_STANDARD = "gnu++20";
				CLANG_ENABLE_MODULES = YES;
				CLANG_ENABLE_OBJC_ARC = YES;
				CLANG_ENABLE_OBJC_WEAK = YES;
				CLANG_WARN_BLOCK_CAPTURE_AUTORELEASING = YES;
				CLANG_WARN_BOOL_CONVERSION = YES;
				CLANG_WARN_COMMA = YES;
				CLANG_WARN_CONSTANT_CONVERSION = YES;
				CLANG_WARN_DEPRECATED_OBJC_IMPLEMENTATIONS = YES;
				CLANG_WARN_DIRECT_OBJC_ISA_USAGE = YES_ERROR;
				CLANG_WARN_DOCUMENTATION_COMMENTS = YES;
				CLANG_WARN_EMPTY_BODY = YES;
				CLANG_WARN_ENUM_CONVERSION = YES;
				CLANG_WARN_INFINITE_RECURSION = YES;
				CLANG_WARN_INT_CONVERSION = YES;
				CLANG_WARN_NON_LITERAL_NULL_CONVERSION = YES;
				CLANG_WARN_OBJC_IMPLICIT_RETAIN_SELF = YES;
				CLANG_WARN_OBJC_LITERAL_CONVERSION = YES;
				CLANG_WARN_OBJC_ROOT_CLASS = YES_ERROR;
				CLANG_WARN_QUOTED_INCLUDE_IN_FRAMEWORK_HEADER = YES;
				CLANG_WARN_RANGE_LOOP_ANALYSIS = YES;
				CLANG_WARN_STRICT_PROTOTYPES = YES;
				CLANG_WARN_SUSPICIOUS_MOVE = YES;
				CLANG_WARN_UNGUARDED_AVAILABILITY = YES_AGGRESSIVE;
				CLANG_WARN_UNREACHABLE_CODE = YES;
				CLANG_WARN__DUPLICATE_METHOD_MATCH = YES;
				COPY_PHASE_STRIP = NO;
				DEBUG_INFORMATION_FORMAT = "dwarf-with-dsym";
				ENABLE_NS_ASSERTIONS = NO;
				ENABLE_STRICT_OBJC_MSGSEND = YES;
				GCC_C_LANGUAGE_STANDARD = gnu11;
				GCC_NO_COMMON_BLOCKS = YES;
				GCC_WARN_64_TO_32_BIT_CONVERSION = YES;
				GCC_WARN_ABOUT_RETURN_TYPE = YES_ERROR;
				GCC_WARN_UNDECLARED_SELECTOR = YES;
				GCC_WARN_UNINITIALIZED_AUTOS = YES_AGGRESSIVE;
				GCC_WARN_UNUSED_FUNCTION = YES;
				GCC_WARN_UNUSED_VARIABLE = YES;
				IPHONEOS_DEPLOYMENT_TARGET = 16.4;
				MTL_ENABLE_DEBUG_INFO = NO;
				MTL_FAST_MATH = YES;
				SDKROOT = iphoneos;
				SWIFT_COMPILATION_MODE = wholemodule;
				SWIFT_OPTIMIZATION_LEVEL = "-O";
				VALIDATE_PRODUCT = YES;
			};
			name = Release;
		};
		E3FF258E2A284F96006F6CD0 /* Debug */ = {
			isa = XCBuildConfiguration;
			baseConfigurationReference = 71856560071657889D53C092 /* Pods-PicCollageTakeHomeQuiz.debug.xcconfig */;
			buildSettings = {
				ASSETCATALOG_COMPILER_APPICON_NAME = AppIcon;
				ASSETCATALOG_COMPILER_GLOBAL_ACCENT_COLOR_NAME = AccentColor;
				CODE_SIGN_STYLE = Automatic;
				CURRENT_PROJECT_VERSION = 1;
				DEVELOPMENT_TEAM = BD3ZH8Y4QF;
				GENERATE_INFOPLIST_FILE = YES;
				INFOPLIST_FILE = PicCollageTakeHomeQuiz/Info.plist;
				INFOPLIST_KEY_UIApplicationSupportsIndirectInputEvents = YES;
				INFOPLIST_KEY_UILaunchStoryboardName = LaunchScreen;
				INFOPLIST_KEY_UISupportedInterfaceOrientations_iPad = "UIInterfaceOrientationPortrait UIInterfaceOrientationPortraitUpsideDown UIInterfaceOrientationLandscapeLeft UIInterfaceOrientationLandscapeRight";
				INFOPLIST_KEY_UISupportedInterfaceOrientations_iPhone = "UIInterfaceOrientationPortrait UIInterfaceOrientationLandscapeLeft UIInterfaceOrientationLandscapeRight";
				LD_RUNPATH_SEARCH_PATHS = (
					"$(inherited)",
					"@executable_path/Frameworks",
				);
				MARKETING_VERSION = 1.0;
				PRODUCT_BUNDLE_IDENTIFIER = peteranny.PicCollageTakeHomeQuiz;
				PRODUCT_NAME = "$(TARGET_NAME)";
				SWIFT_EMIT_LOC_STRINGS = YES;
				SWIFT_VERSION = 5.0;
				TARGETED_DEVICE_FAMILY = "1,2";
			};
			name = Debug;
		};
		E3FF258F2A284F96006F6CD0 /* Release */ = {
			isa = XCBuildConfiguration;
			baseConfigurationReference = F9C3427747B0300F620F9A1D /* Pods-PicCollageTakeHomeQuiz.release.xcconfig */;
			buildSettings = {
				ASSETCATALOG_COMPILER_APPICON_NAME = AppIcon;
				ASSETCATALOG_COMPILER_GLOBAL_ACCENT_COLOR_NAME = AccentColor;
				CODE_SIGN_STYLE = Automatic;
				CURRENT_PROJECT_VERSION = 1;
				DEVELOPMENT_TEAM = BD3ZH8Y4QF;
				GENERATE_INFOPLIST_FILE = YES;
				INFOPLIST_FILE = PicCollageTakeHomeQuiz/Info.plist;
				INFOPLIST_KEY_UIApplicationSupportsIndirectInputEvents = YES;
				INFOPLIST_KEY_UILaunchStoryboardName = LaunchScreen;
				INFOPLIST_KEY_UISupportedInterfaceOrientations_iPad = "UIInterfaceOrientationPortrait UIInterfaceOrientationPortraitUpsideDown UIInterfaceOrientationLandscapeLeft UIInterfaceOrientationLandscapeRight";
				INFOPLIST_KEY_UISupportedInterfaceOrientations_iPhone = "UIInterfaceOrientationPortrait UIInterfaceOrientationLandscapeLeft UIInterfaceOrientationLandscapeRight";
				LD_RUNPATH_SEARCH_PATHS = (
					"$(inherited)",
					"@executable_path/Frameworks",
				);
				MARKETING_VERSION = 1.0;
				PRODUCT_BUNDLE_IDENTIFIER = peteranny.PicCollageTakeHomeQuiz;
				PRODUCT_NAME = "$(TARGET_NAME)";
				SWIFT_EMIT_LOC_STRINGS = YES;
				SWIFT_VERSION = 5.0;
				TARGETED_DEVICE_FAMILY = "1,2";
			};
			name = Release;
		};
		E3FF25912A284F96006F6CD0 /* Debug */ = {
			isa = XCBuildConfiguration;
			baseConfigurationReference = E61040FF4BB91CC7E982F24B /* Pods-PicCollageTakeHomeQuizTests.debug.xcconfig */;
			buildSettings = {
				ALWAYS_EMBED_SWIFT_STANDARD_LIBRARIES = YES;
				BUNDLE_LOADER = "$(TEST_HOST)";
				CODE_SIGN_STYLE = Automatic;
				CURRENT_PROJECT_VERSION = 1;
				DEVELOPMENT_TEAM = BD3ZH8Y4QF;
				GENERATE_INFOPLIST_FILE = YES;
				IPHONEOS_DEPLOYMENT_TARGET = 16.4;
				MARKETING_VERSION = 1.0;
				PRODUCT_BUNDLE_IDENTIFIER = peteranny.PicCollageTakeHomeQuizTests;
				PRODUCT_NAME = "$(TARGET_NAME)";
				SWIFT_EMIT_LOC_STRINGS = NO;
				SWIFT_VERSION = 5.0;
				TARGETED_DEVICE_FAMILY = "1,2";
				TEST_HOST = "$(BUILT_PRODUCTS_DIR)/PicCollageTakeHomeQuiz.app/$(BUNDLE_EXECUTABLE_FOLDER_PATH)/PicCollageTakeHomeQuiz";
			};
			name = Debug;
		};
		E3FF25922A284F96006F6CD0 /* Release */ = {
			isa = XCBuildConfiguration;
			baseConfigurationReference = 11C26E897BE114D43C1F983D /* Pods-PicCollageTakeHomeQuizTests.release.xcconfig */;
			buildSettings = {
				ALWAYS_EMBED_SWIFT_STANDARD_LIBRARIES = YES;
				BUNDLE_LOADER = "$(TEST_HOST)";
				CODE_SIGN_STYLE = Automatic;
				CURRENT_PROJECT_VERSION = 1;
				DEVELOPMENT_TEAM = BD3ZH8Y4QF;
				GENERATE_INFOPLIST_FILE = YES;
				IPHONEOS_DEPLOYMENT_TARGET = 16.4;
				MARKETING_VERSION = 1.0;
				PRODUCT_BUNDLE_IDENTIFIER = peteranny.PicCollageTakeHomeQuizTests;
				PRODUCT_NAME = "$(TARGET_NAME)";
				SWIFT_EMIT_LOC_STRINGS = NO;
				SWIFT_VERSION = 5.0;
				TARGETED_DEVICE_FAMILY = "1,2";
				TEST_HOST = "$(BUILT_PRODUCTS_DIR)/PicCollageTakeHomeQuiz.app/$(BUNDLE_EXECUTABLE_FOLDER_PATH)/PicCollageTakeHomeQuiz";
			};
			name = Release;
		};
		E3FF25942A284F96006F6CD0 /* Debug */ = {
			isa = XCBuildConfiguration;
			baseConfigurationReference = 9784BEC299FE5F39FF91AAA1 /* Pods-PicCollageTakeHomeQuiz-PicCollageTakeHomeQuizUITests.debug.xcconfig */;
			buildSettings = {
				ALWAYS_EMBED_SWIFT_STANDARD_LIBRARIES = YES;
				CODE_SIGN_STYLE = Automatic;
				CURRENT_PROJECT_VERSION = 1;
				DEVELOPMENT_TEAM = BD3ZH8Y4QF;
				GENERATE_INFOPLIST_FILE = YES;
				MARKETING_VERSION = 1.0;
				PRODUCT_BUNDLE_IDENTIFIER = peteranny.PicCollageTakeHomeQuizUITests;
				PRODUCT_NAME = "$(TARGET_NAME)";
				SWIFT_EMIT_LOC_STRINGS = NO;
				SWIFT_VERSION = 5.0;
				TARGETED_DEVICE_FAMILY = "1,2";
				TEST_TARGET_NAME = PicCollageTakeHomeQuiz;
			};
			name = Debug;
		};
		E3FF25952A284F96006F6CD0 /* Release */ = {
			isa = XCBuildConfiguration;
			baseConfigurationReference = F110CE657F6511BBF36932EA /* Pods-PicCollageTakeHomeQuiz-PicCollageTakeHomeQuizUITests.release.xcconfig */;
			buildSettings = {
				ALWAYS_EMBED_SWIFT_STANDARD_LIBRARIES = YES;
				CODE_SIGN_STYLE = Automatic;
				CURRENT_PROJECT_VERSION = 1;
				DEVELOPMENT_TEAM = BD3ZH8Y4QF;
				GENERATE_INFOPLIST_FILE = YES;
				MARKETING_VERSION = 1.0;
				PRODUCT_BUNDLE_IDENTIFIER = peteranny.PicCollageTakeHomeQuizUITests;
				PRODUCT_NAME = "$(TARGET_NAME)";
				SWIFT_EMIT_LOC_STRINGS = NO;
				SWIFT_VERSION = 5.0;
				TARGETED_DEVICE_FAMILY = "1,2";
				TEST_TARGET_NAME = PicCollageTakeHomeQuiz;
			};
			name = Release;
		};
/* End XCBuildConfiguration section */

/* Begin XCConfigurationList section */
		E3FF255E2A284F95006F6CD0 /* Build configuration list for PBXProject "PicCollageTakeHomeQuiz" */ = {
			isa = XCConfigurationList;
			buildConfigurations = (
				E3FF258B2A284F96006F6CD0 /* Debug */,
				E3FF258C2A284F96006F6CD0 /* Release */,
			);
			defaultConfigurationIsVisible = 0;
			defaultConfigurationName = Release;
		};
		E3FF258D2A284F96006F6CD0 /* Build configuration list for PBXNativeTarget "PicCollageTakeHomeQuiz" */ = {
			isa = XCConfigurationList;
			buildConfigurations = (
				E3FF258E2A284F96006F6CD0 /* Debug */,
				E3FF258F2A284F96006F6CD0 /* Release */,
			);
			defaultConfigurationIsVisible = 0;
			defaultConfigurationName = Release;
		};
		E3FF25902A284F96006F6CD0 /* Build configuration list for PBXNativeTarget "PicCollageTakeHomeQuizTests" */ = {
			isa = XCConfigurationList;
			buildConfigurations = (
				E3FF25912A284F96006F6CD0 /* Debug */,
				E3FF25922A284F96006F6CD0 /* Release */,
			);
			defaultConfigurationIsVisible = 0;
			defaultConfigurationName = Release;
		};
		E3FF25932A284F96006F6CD0 /* Build configuration list for PBXNativeTarget "PicCollageTakeHomeQuizUITests" */ = {
			isa = XCConfigurationList;
			buildConfigurations = (
				E3FF25942A284F96006F6CD0 /* Debug */,
				E3FF25952A284F96006F6CD0 /* Release */,
			);
			defaultConfigurationIsVisible = 0;
			defaultConfigurationName = Release;
		};
/* End XCConfigurationList section */
	};
	rootObject = E3FF255B2A284F95006F6CD0 /* Project object */;
}
